
Microsoft Visual Studio Solution File, Format Version 12.00
# Visual Studio 15
VisualStudioVersion = 15.0.26730.16
MinimumVisualStudioVersion = 10.0.40219.1
Project("{FAE04EC0-301F-11D3-BF4B-00C04F79EFBC}") = "Clock GUI Sample", "Clock GUI Sample\Clock GUI Sample.csproj", "{794885FC-B967-4F7D-BD53-3F157BB76206}"
EndProject
Global
	GlobalSection(SolutionConfigurationPlatforms) = preSolution
		Debug|Any CPU = Debug|Any CPU
		Release|Any CPU = Release|Any CPU
	EndGlobalSection
	GlobalSection(ProjectConfigurationPlatforms) = postSolution
		{794885FC-B967-4F7D-BD53-3F157BB76206}.Debug|Any CPU.ActiveCfg = Debug|Any CPU
		{794885FC-B967-4F7D-BD53-3F157BB76206}.Debug|Any CPU.Build.0 = Debug|Any CPU
		{794885FC-B967-4F7D-BD53-3F157BB76206}.Release|Any CPU.ActiveCfg = Release|Any CPU
		{794885FC-B967-4F7D-BD53-3F157BB76206}.Release|Any CPU.Build.0 = Release|Any CPU
	EndGlobalSection
	GlobalSection(SolutionProperties) = preSolution
		HideSolutionNode = FALSE
	EndGlobalSection
	GlobalSection(ExtensibilityGlobals) = postSolution
		SolutionGuid = {44CC7659-AA23-4855-B4D5-FB0EECDF5A0C}
	EndGlobalSection
EndGlobal
